
Microsoft Visual Studio Solution File, Format Version 12.00
# Visual Studio 15
VisualStudioVersion = 15.0.26403.3
MinimumVisualStudioVersion = 10.0.40219.1
Project("{2150E333-8FDC-42A3-9474-1A3956D46DE8}") = ".build", ".build", "{AA577967-C0C2-4028-986F-410368B9D342}"
	ProjectSection(SolutionItems) = preProject
		..\build.bat = ..\build.bat
		..\build.fsx = ..\build.fsx
	EndProjectSection
EndProject
Project("{FAE04EC0-301F-11D3-BF4B-00C04F79EFBC}") = "Genesis.Logging", "Genesis.Logging\Genesis.Logging.csproj", "{7231D8A0-85BF-42FF-8B0A-2A3F4B2DD6D5}"
EndProject
Project("{FAE04EC0-301F-11D3-BF4B-00C04F79EFBC}") = "Genesis.Logging.UnitTests", "Genesis.Logging.UnitTests\Genesis.Logging.UnitTests.csproj", "{D8EAB73D-81AB-4A73-B90B-331BEF5D017B}"
EndProject
Global
	GlobalSection(SolutionConfigurationPlatforms) = preSolution
		Debug|Any CPU = Debug|Any CPU
		Release|Any CPU = Release|Any CPU
	EndGlobalSection
	GlobalSection(ProjectConfigurationPlatforms) = postSolution
		{7231D8A0-85BF-42FF-8B0A-2A3F4B2DD6D5}.Debug|Any CPU.ActiveCfg = Debug|Any CPU
		{7231D8A0-85BF-42FF-8B0A-2A3F4B2DD6D5}.Debug|Any CPU.Build.0 = Debug|Any CPU
		{7231D8A0-85BF-42FF-8B0A-2A3F4B2DD6D5}.Release|Any CPU.ActiveCfg = Release|Any CPU
		{7231D8A0-85BF-42FF-8B0A-2A3F4B2DD6D5}.Release|Any CPU.Build.0 = Release|Any CPU
		{D8EAB73D-81AB-4A73-B90B-331BEF5D017B}.Debug|Any CPU.ActiveCfg = Debug|Any CPU
		{D8EAB73D-81AB-4A73-B90B-331BEF5D017B}.Debug|Any CPU.Build.0 = Debug|Any CPU
		{D8EAB73D-81AB-4A73-B90B-331BEF5D017B}.Release|Any CPU.ActiveCfg = Release|Any CPU
		{D8EAB73D-81AB-4A73-B90B-331BEF5D017B}.Release|Any CPU.Build.0 = Release|Any CPU
	EndGlobalSection
	GlobalSection(SolutionProperties) = preSolution
		HideSolutionNode = FALSE
	EndGlobalSection
EndGlobal
